
Microsoft Visual Studio Solution File, Format Version 12.00
# Visual Studio Version 17
VisualStudioVersion = 17.10.35027.167
MinimumVisualStudioVersion = 10.0.40219.1
Project("{FAE04EC0-301F-11D3-BF4B-00C04F79EFBC}") = "Tarea Operadores 1.3", "Tarea Operadores 1.3.csproj", "{4AE5CA2F-6A29-4AB7-9F5C-173A9B8D5F42}"
EndProject
Global
	GlobalSection(SolutionConfigurationPlatforms) = preSolution
		Debug|Any CPU = Debug|Any CPU
		Release|Any CPU = Release|Any CPU
	EndGlobalSection
	GlobalSection(ProjectConfigurationPlatforms) = postSolution
		{4AE5CA2F-6A29-4AB7-9F5C-173A9B8D5F42}.Debug|Any CPU.ActiveCfg = Debug|Any CPU
		{4AE5CA2F-6A29-4AB7-9F5C-173A9B8D5F42}.Debug|Any CPU.Build.0 = Debug|Any CPU
		{4AE5CA2F-6A29-4AB7-9F5C-173A9B8D5F42}.Release|Any CPU.ActiveCfg = Release|Any CPU
		{4AE5CA2F-6A29-4AB7-9F5C-173A9B8D5F42}.Release|Any CPU.Build.0 = Release|Any CPU
	EndGlobalSection
	GlobalSection(SolutionProperties) = preSolution
		HideSolutionNode = FALSE
	EndGlobalSection
	GlobalSection(ExtensibilityGlobals) = postSolution
		SolutionGuid = {E56F73CE-3C31-4390-A4B3-33294A017B5C}
	EndGlobalSection
EndGlobal
