
Microsoft Visual Studio Solution File, Format Version 12.00
# Visual Studio Version 17
VisualStudioVersion = 17.10.35027.167
MinimumVisualStudioVersion = 10.0.40219.1
Project("{FAE04EC0-301F-11D3-BF4B-00C04F79EFBC}") = "Tarea Operadores 1.2", "Tarea Operadores 1.2.csproj", "{A8F6560B-EA32-463F-B591-48B8C5DA871B}"
EndProject
Global
	GlobalSection(SolutionConfigurationPlatforms) = preSolution
		Debug|Any CPU = Debug|Any CPU
		Release|Any CPU = Release|Any CPU
	EndGlobalSection
	GlobalSection(ProjectConfigurationPlatforms) = postSolution
		{A8F6560B-EA32-463F-B591-48B8C5DA871B}.Debug|Any CPU.ActiveCfg = Debug|Any CPU
		{A8F6560B-EA32-463F-B591-48B8C5DA871B}.Debug|Any CPU.Build.0 = Debug|Any CPU
		{A8F6560B-EA32-463F-B591-48B8C5DA871B}.Release|Any CPU.ActiveCfg = Release|Any CPU
		{A8F6560B-EA32-463F-B591-48B8C5DA871B}.Release|Any CPU.Build.0 = Release|Any CPU
	EndGlobalSection
	GlobalSection(SolutionProperties) = preSolution
		HideSolutionNode = FALSE
	EndGlobalSection
	GlobalSection(ExtensibilityGlobals) = postSolution
		SolutionGuid = {2E0FF4B6-8788-4630-9C62-F1D20E08D368}
	EndGlobalSection
EndGlobal
