
Microsoft Visual Studio Solution File, Format Version 12.00
# Visual Studio Version 17
VisualStudioVersion = 17.10.35027.167
MinimumVisualStudioVersion = 10.0.40219.1
Project("{FAE04EC0-301F-11D3-BF4B-00C04F79EFBC}") = "Tarea operadores 1.7", "Tarea operadores 1.7.csproj", "{5F1BBB4C-5AB3-4FD1-8FAF-0523CAAE2A11}"
EndProject
Global
	GlobalSection(SolutionConfigurationPlatforms) = preSolution
		Debug|Any CPU = Debug|Any CPU
		Release|Any CPU = Release|Any CPU
	EndGlobalSection
	GlobalSection(ProjectConfigurationPlatforms) = postSolution
		{5F1BBB4C-5AB3-4FD1-8FAF-0523CAAE2A11}.Debug|Any CPU.ActiveCfg = Debug|Any CPU
		{5F1BBB4C-5AB3-4FD1-8FAF-0523CAAE2A11}.Debug|Any CPU.Build.0 = Debug|Any CPU
		{5F1BBB4C-5AB3-4FD1-8FAF-0523CAAE2A11}.Release|Any CPU.ActiveCfg = Release|Any CPU
		{5F1BBB4C-5AB3-4FD1-8FAF-0523CAAE2A11}.Release|Any CPU.Build.0 = Release|Any CPU
	EndGlobalSection
	GlobalSection(SolutionProperties) = preSolution
		HideSolutionNode = FALSE
	EndGlobalSection
	GlobalSection(ExtensibilityGlobals) = postSolution
		SolutionGuid = {47703953-F4AF-41C6-8574-94E9C28D5F8E}
	EndGlobalSection
EndGlobal
